{
  "requires": true,
  "lockfileVersion": 1,
  "dependencies": {
    "@angular/animations": {
      "version": "9.0.2",
      "resolved": "https://registry.npmjs.org/@angular/animations/-/animations-9.0.2.tgz",
      "integrity": "sha512-vj4N8nSLytQI45TtGy2tJb0Yc7uqlyap+qhghc+jdyG41w18KQUnIneEWKOfHWnp8VJEfzgzaY7zr/1QPlxWgA=="
    },
    "angular2-text-mask": {
      "version": "9.0.0",
      "resolved": "https://registry.npmjs.org/angular2-text-mask/-/angular2-text-mask-9.0.0.tgz",
      "integrity": "sha512-iALcnhJPS1zvX48d86rgUgDe/crX6XfhZrXC4Gdlo2/YwZW7u7KJZY6/b3ieSCIWVq/E6p+wDCzeo3E6leRjDA==",
      "requires": {
        "text-mask-core": "^5.0.0"
      }
    },
    "bootstrap": {
      "version": "4.4.1",
      "resolved": "https://registry.npmjs.org/bootstrap/-/bootstrap-4.4.1.tgz",
      "integrity": "sha512-tbx5cHubwE6e2ZG7nqM3g/FZ5PQEDMWmMGNrCUBVRPHXTJaH7CBDdsLeu3eCh3B1tzAxTnAbtmrzvWEvT2NNEA=="
    },
    "text-mask-core": {
      "version": "5.1.2",
      "resolved": "https://registry.npmjs.org/text-mask-core/-/text-mask-core-5.1.2.tgz",
      "integrity": "sha1-gN1evgSCV1fkZhnmkUB6n4s8G28="
    },
    "typed.js": {
      "version": "2.0.11",
      "resolved": "https://registry.npmjs.org/typed.js/-/typed.js-2.0.11.tgz",
      "integrity": "sha512-1ZORHalEyLob34q738mqmwp0pT6syMigB1SZuTItqdhovWBKFIt7I5uVALXAGQZCg2MCtihCt6uqkoqPJK+9iQ=="
    }
  }
}
